
Microsoft Visual Studio Solution File, Format Version 11.00
# Visual C# Express 2010
Project("{FAE04EC0-301F-11D3-BF4B-00C04F79EFBC}") = "ReflectionTest", "ReflectionTest\ReflectionTest.csproj", "{E10E6A90-9CED-4D78-A9F6-9641378BD9C3}"
EndProject
Global
	GlobalSection(SolutionConfigurationPlatforms) = preSolution
		Debug|x86 = Debug|x86
		Release|x86 = Release|x86
	EndGlobalSection
	GlobalSection(ProjectConfigurationPlatforms) = postSolution
		{E10E6A90-9CED-4D78-A9F6-9641378BD9C3}.Debug|x86.ActiveCfg = Debug|x86
		{E10E6A90-9CED-4D78-A9F6-9641378BD9C3}.Debug|x86.Build.0 = Debug|x86
		{E10E6A90-9CED-4D78-A9F6-9641378BD9C3}.Release|x86.ActiveCfg = Release|x86
		{E10E6A90-9CED-4D78-A9F6-9641378BD9C3}.Release|x86.Build.0 = Release|x86
	EndGlobalSection
	GlobalSection(SolutionProperties) = preSolution
		HideSolutionNode = FALSE
	EndGlobalSection
EndGlobal
